
Microsoft Visual Studio Solution File, Format Version 12.00
# Visual Studio Version 17
VisualStudioVersion = 17.14.37111.16 d17.14
MinimumVisualStudioVersion = 10.0.40219.1
Project("{FAE04EC0-301F-11D3-BF4B-00C04F79EFBC}") = "MasterAdmin", "MasterAdmin.csproj", "{F902437F-46FD-4AD8-88F9-364849F3B4DF}"
EndProject
Global
	GlobalSection(SolutionConfigurationPlatforms) = preSolution
		Debug|Any CPU = Debug|Any CPU
		Release|Any CPU = Release|Any CPU
	EndGlobalSection
	GlobalSection(ProjectConfigurationPlatforms) = postSolution
		{F902437F-46FD-4AD8-88F9-364849F3B4DF}.Debug|Any CPU.ActiveCfg = Debug|Any CPU
		{F902437F-46FD-4AD8-88F9-364849F3B4DF}.Debug|Any CPU.Build.0 = Debug|Any CPU
		{F902437F-46FD-4AD8-88F9-364849F3B4DF}.Release|Any CPU.ActiveCfg = Release|Any CPU
		{F902437F-46FD-4AD8-88F9-364849F3B4DF}.Release|Any CPU.Build.0 = Release|Any CPU
	EndGlobalSection
	GlobalSection(SolutionProperties) = preSolution
		HideSolutionNode = FALSE
	EndGlobalSection
	GlobalSection(ExtensibilityGlobals) = postSolution
		SolutionGuid = {FAFAC16E-D3CE-4F5B-BB55-3FC431502EAD}
	EndGlobalSection
EndGlobal
